
Microsoft Visual Studio Solution File, Format Version 12.00
# Visual Studio 14
VisualStudioVersion = 14.0.25420.1
MinimumVisualStudioVersion = 10.0.40219.1
Project("{2150E333-8FDC-42A3-9474-1A3956D46DE8}") = "WebApi", "WebApi", "{F004783B-4614-4575-876D-33447D5B5219}"
EndProject
Project("{8BB2217D-0F2D-49D1-97BC-3654ED321F3B}") = "HIS.WebApi.Auth", "HIS.WebApi.Auth\HIS.WebApi.Auth.xproj", "{CB9077ED-E752-49D4-8E91-402392D9C4FE}"
EndProject
Project("{8BB2217D-0F2D-49D1-97BC-3654ED321F3B}") = "HIS.Recipes.WebApi", "HIS.Recipes.WebApi\HIS.Recipes.WebApi.xproj", "{A45A6E64-579B-46DF-933C-468E53FF706D}"
EndProject
Project("{8BB2217D-0F2D-49D1-97BC-3654ED321F3B}") = "HIS.Recipes.Models", "HIS.Recipes.Models\HIS.Recipes.Models.xproj", "{001DDD60-A5D9-49A9-B78B-053306EF8CEB}"
EndProject
Project("{8BB2217D-0F2D-49D1-97BC-3654ED321F3B}") = "HIS.Recipes.Services", "HIS.Recipes.Services\HIS.Recipes.Services.xproj", "{794ACA04-BB1F-4E58-98B5-BFA468E1AD5A}"
EndProject
Project("{2150E333-8FDC-42A3-9474-1A3956D46DE8}") = "Recipe", "Recipe", "{8649F1EA-ECA5-4198-AA59-977733F5ECD1}"
EndProject
Project("{2150E333-8FDC-42A3-9474-1A3956D46DE8}") = "Base", "Base", "{2D1FE97B-B275-496D-B9C8-0D796F2BA847}"
EndProject
Project("{8BB2217D-0F2D-49D1-97BC-3654ED321F3B}") = "HIS.Data.Base.Interfaces", "HIS.Data.Base.Interfaces\HIS.Data.Base.Interfaces.xproj", "{832814E7-61F5-4ABE-A1F8-978587AAF7B4}"
EndProject
Project("{8BB2217D-0F2D-49D1-97BC-3654ED321F3B}") = "HIS.Data.Base.MSSql", "HIS.Data.Base.MSSql\HIS.Data.Base.MSSql.xproj", "{010FA41A-5B8B-4F94-A6C1-3F23A345017B}"
EndProject
Project("{8BB2217D-0F2D-49D1-97BC-3654ED321F3B}") = "HIS.Helpers", "HIS.Helpers\HIS.Helpers.xproj", "{23590A66-3D4F-406A-A422-32EF11F24641}"
EndProject
Project("{8BB2217D-0F2D-49D1-97BC-3654ED321F3B}") = "HIS.Recipes.Services.Tests", "HIS.Recipes.Services.Tests\HIS.Recipes.Services.Tests.xproj", "{7E66AD28-E49F-4BC3-A1D0-9BEDE2114773}"
EndProject
Project("{8BB2217D-0F2D-49D1-97BC-3654ED321F3B}") = "HIS.Helpers.Web", "HIS.Helpers.Web\HIS.Helpers.Web.xproj", "{E078E5D5-8C9C-4E02-8596-D71B65708F71}"
EndProject
Project("{2150E333-8FDC-42A3-9474-1A3956D46DE8}") = "Gateway", "Gateway", "{617BA672-9951-49EC-A1AE-F59CF06A707F}"
EndProject
Project("{8BB2217D-0F2D-49D1-97BC-3654ED321F3B}") = "HIS.Gateway.Services", "HIS.Gateway.Services\HIS.Gateway.Services.xproj", "{76D7FDF4-9EE5-425A-B8F5-6B1659A0AEEF}"
EndProject
Project("{8BB2217D-0F2D-49D1-97BC-3654ED321F3B}") = "HIS.Gateway.Tests", "HIS.Gateway.Tests\HIS.Gateway.Tests.xproj", "{167A3F56-C43F-4066-87BF-B52CCA765F6F}"
EndProject
Project("{8BB2217D-0F2D-49D1-97BC-3654ED321F3B}") = "HIS.Gateway.WebApi", "HIS.Gateway.WebApi\HIS.Gateway.WebApi.xproj", "{A1FD2CAC-19B7-4388-9F9E-43A379AEAA30}"
EndProject
Project("{8BB2217D-0F2D-49D1-97BC-3654ED321F3B}") = "HIS.Helpers.Test", "HIS.Helpers.Test\HIS.Helpers.Test.xproj", "{22C07DEC-74B8-44A3-8997-C23BCBF33019}"
EndProject
Project("{2150E333-8FDC-42A3-9474-1A3956D46DE8}") = "Bot", "Bot", "{76B4F686-7A6E-4B42-9032-1060736B499B}"
EndProject
Project("{FAE04EC0-301F-11D3-BF4B-00C04F79EFBC}") = "HIS.Bot.WebApi", "HIS.Bot.WebApi\HIS.Bot.WebApi.csproj", "{D35E8999-D6A4-438A-BD4D-CB2A4FDA7915}"
EndProject
Global
	GlobalSection(SolutionConfigurationPlatforms) = preSolution
		Debug|Any CPU = Debug|Any CPU
		Release|Any CPU = Release|Any CPU
	EndGlobalSection
	GlobalSection(ProjectConfigurationPlatforms) = postSolution
		{CB9077ED-E752-49D4-8E91-402392D9C4FE}.Debug|Any CPU.ActiveCfg = Debug|Any CPU
		{CB9077ED-E752-49D4-8E91-402392D9C4FE}.Debug|Any CPU.Build.0 = Debug|Any CPU
		{CB9077ED-E752-49D4-8E91-402392D9C4FE}.Release|Any CPU.ActiveCfg = Release|Any CPU
		{CB9077ED-E752-49D4-8E91-402392D9C4FE}.Release|Any CPU.Build.0 = Release|Any CPU
		{A45A6E64-579B-46DF-933C-468E53FF706D}.Debug|Any CPU.ActiveCfg = Debug|Any CPU
		{A45A6E64-579B-46DF-933C-468E53FF706D}.Debug|Any CPU.Build.0 = Debug|Any CPU
		{A45A6E64-579B-46DF-933C-468E53FF706D}.Release|Any CPU.ActiveCfg = Release|Any CPU
		{A45A6E64-579B-46DF-933C-468E53FF706D}.Release|Any CPU.Build.0 = Release|Any CPU
		{001DDD60-A5D9-49A9-B78B-053306EF8CEB}.Debug|Any CPU.ActiveCfg = Debug|Any CPU
		{001DDD60-A5D9-49A9-B78B-053306EF8CEB}.Debug|Any CPU.Build.0 = Debug|Any CPU
		{001DDD60-A5D9-49A9-B78B-053306EF8CEB}.Release|Any CPU.ActiveCfg = Release|Any CPU
		{001DDD60-A5D9-49A9-B78B-053306EF8CEB}.Release|Any CPU.Build.0 = Release|Any CPU
		{794ACA04-BB1F-4E58-98B5-BFA468E1AD5A}.Debug|Any CPU.ActiveCfg = Debug|Any CPU
		{794ACA04-BB1F-4E58-98B5-BFA468E1AD5A}.Debug|Any CPU.Build.0 = Debug|Any CPU
		{794ACA04-BB1F-4E58-98B5-BFA468E1AD5A}.Release|Any CPU.ActiveCfg = Release|Any CPU
		{794ACA04-BB1F-4E58-98B5-BFA468E1AD5A}.Release|Any CPU.Build.0 = Release|Any CPU
		{832814E7-61F5-4ABE-A1F8-978587AAF7B4}.Debug|Any CPU.ActiveCfg = Debug|Any CPU
		{832814E7-61F5-4ABE-A1F8-978587AAF7B4}.Debug|Any CPU.Build.0 = Debug|Any CPU
		{832814E7-61F5-4ABE-A1F8-978587AAF7B4}.Release|Any CPU.ActiveCfg = Release|Any CPU
		{832814E7-61F5-4ABE-A1F8-978587AAF7B4}.Release|Any CPU.Build.0 = Release|Any CPU
		{010FA41A-5B8B-4F94-A6C1-3F23A345017B}.Debug|Any CPU.ActiveCfg = Debug|Any CPU
		{010FA41A-5B8B-4F94-A6C1-3F23A345017B}.Debug|Any CPU.Build.0 = Debug|Any CPU
		{010FA41A-5B8B-4F94-A6C1-3F23A345017B}.Release|Any CPU.ActiveCfg = Release|Any CPU
		{010FA41A-5B8B-4F94-A6C1-3F23A345017B}.Release|Any CPU.Build.0 = Release|Any CPU
		{23590A66-3D4F-406A-A422-32EF11F24641}.Debug|Any CPU.ActiveCfg = Debug|Any CPU
		{23590A66-3D4F-406A-A422-32EF11F24641}.Debug|Any CPU.Build.0 = Debug|Any CPU
		{23590A66-3D4F-406A-A422-32EF11F24641}.Release|Any CPU.ActiveCfg = Release|Any CPU
		{23590A66-3D4F-406A-A422-32EF11F24641}.Release|Any CPU.Build.0 = Release|Any CPU
		{7E66AD28-E49F-4BC3-A1D0-9BEDE2114773}.Debug|Any CPU.ActiveCfg = Debug|Any CPU
		{7E66AD28-E49F-4BC3-A1D0-9BEDE2114773}.Debug|Any CPU.Build.0 = Debug|Any CPU
		{7E66AD28-E49F-4BC3-A1D0-9BEDE2114773}.Release|Any CPU.ActiveCfg = Release|Any CPU
		{7E66AD28-E49F-4BC3-A1D0-9BEDE2114773}.Release|Any CPU.Build.0 = Release|Any CPU
		{E078E5D5-8C9C-4E02-8596-D71B65708F71}.Debug|Any CPU.ActiveCfg = Debug|Any CPU
		{E078E5D5-8C9C-4E02-8596-D71B65708F71}.Debug|Any CPU.Build.0 = Debug|Any CPU
		{E078E5D5-8C9C-4E02-8596-D71B65708F71}.Release|Any CPU.ActiveCfg = Release|Any CPU
		{E078E5D5-8C9C-4E02-8596-D71B65708F71}.Release|Any CPU.Build.0 = Release|Any CPU
		{76D7FDF4-9EE5-425A-B8F5-6B1659A0AEEF}.Debug|Any CPU.ActiveCfg = Debug|Any CPU
		{76D7FDF4-9EE5-425A-B8F5-6B1659A0AEEF}.Debug|Any CPU.Build.0 = Debug|Any CPU
		{76D7FDF4-9EE5-425A-B8F5-6B1659A0AEEF}.Release|Any CPU.ActiveCfg = Release|Any CPU
		{76D7FDF4-9EE5-425A-B8F5-6B1659A0AEEF}.Release|Any CPU.Build.0 = Release|Any CPU
		{167A3F56-C43F-4066-87BF-B52CCA765F6F}.Debug|Any CPU.ActiveCfg = Debug|Any CPU
		{167A3F56-C43F-4066-87BF-B52CCA765F6F}.Debug|Any CPU.Build.0 = Debug|Any CPU
		{167A3F56-C43F-4066-87BF-B52CCA765F6F}.Release|Any CPU.ActiveCfg = Release|Any CPU
		{167A3F56-C43F-4066-87BF-B52CCA765F6F}.Release|Any CPU.Build.0 = Release|Any CPU
		{A1FD2CAC-19B7-4388-9F9E-43A379AEAA30}.Debug|Any CPU.ActiveCfg = Debug|Any CPU
		{A1FD2CAC-19B7-4388-9F9E-43A379AEAA30}.Debug|Any CPU.Build.0 = Debug|Any CPU
		{A1FD2CAC-19B7-4388-9F9E-43A379AEAA30}.Release|Any CPU.ActiveCfg = Release|Any CPU
		{A1FD2CAC-19B7-4388-9F9E-43A379AEAA30}.Release|Any CPU.Build.0 = Release|Any CPU
		{22C07DEC-74B8-44A3-8997-C23BCBF33019}.Debug|Any CPU.ActiveCfg = Debug|Any CPU
		{22C07DEC-74B8-44A3-8997-C23BCBF33019}.Debug|Any CPU.Build.0 = Debug|Any CPU
		{22C07DEC-74B8-44A3-8997-C23BCBF33019}.Release|Any CPU.ActiveCfg = Release|Any CPU
		{22C07DEC-74B8-44A3-8997-C23BCBF33019}.Release|Any CPU.Build.0 = Release|Any CPU
		{D35E8999-D6A4-438A-BD4D-CB2A4FDA7915}.Debug|Any CPU.ActiveCfg = Debug|Any CPU
		{D35E8999-D6A4-438A-BD4D-CB2A4FDA7915}.Debug|Any CPU.Build.0 = Debug|Any CPU
		{D35E8999-D6A4-438A-BD4D-CB2A4FDA7915}.Release|Any CPU.ActiveCfg = Release|Any CPU
		{D35E8999-D6A4-438A-BD4D-CB2A4FDA7915}.Release|Any CPU.Build.0 = Release|Any CPU
	EndGlobalSection
	GlobalSection(SolutionProperties) = preSolution
		HideSolutionNode = FALSE
	EndGlobalSection
	GlobalSection(NestedProjects) = preSolution
		{CB9077ED-E752-49D4-8E91-402392D9C4FE} = {F004783B-4614-4575-876D-33447D5B5219}
		{A45A6E64-579B-46DF-933C-468E53FF706D} = {8649F1EA-ECA5-4198-AA59-977733F5ECD1}
		{001DDD60-A5D9-49A9-B78B-053306EF8CEB} = {8649F1EA-ECA5-4198-AA59-977733F5ECD1}
		{794ACA04-BB1F-4E58-98B5-BFA468E1AD5A} = {8649F1EA-ECA5-4198-AA59-977733F5ECD1}
		{8649F1EA-ECA5-4198-AA59-977733F5ECD1} = {F004783B-4614-4575-876D-33447D5B5219}
		{832814E7-61F5-4ABE-A1F8-978587AAF7B4} = {2D1FE97B-B275-496D-B9C8-0D796F2BA847}
		{010FA41A-5B8B-4F94-A6C1-3F23A345017B} = {2D1FE97B-B275-496D-B9C8-0D796F2BA847}
		{23590A66-3D4F-406A-A422-32EF11F24641} = {2D1FE97B-B275-496D-B9C8-0D796F2BA847}
		{7E66AD28-E49F-4BC3-A1D0-9BEDE2114773} = {8649F1EA-ECA5-4198-AA59-977733F5ECD1}
		{E078E5D5-8C9C-4E02-8596-D71B65708F71} = {2D1FE97B-B275-496D-B9C8-0D796F2BA847}
		{617BA672-9951-49EC-A1AE-F59CF06A707F} = {F004783B-4614-4575-876D-33447D5B5219}
		{76D7FDF4-9EE5-425A-B8F5-6B1659A0AEEF} = {617BA672-9951-49EC-A1AE-F59CF06A707F}
		{167A3F56-C43F-4066-87BF-B52CCA765F6F} = {617BA672-9951-49EC-A1AE-F59CF06A707F}
		{A1FD2CAC-19B7-4388-9F9E-43A379AEAA30} = {617BA672-9951-49EC-A1AE-F59CF06A707F}
		{22C07DEC-74B8-44A3-8997-C23BCBF33019} = {2D1FE97B-B275-496D-B9C8-0D796F2BA847}
		{76B4F686-7A6E-4B42-9032-1060736B499B} = {F004783B-4614-4575-876D-33447D5B5219}
		{D35E8999-D6A4-438A-BD4D-CB2A4FDA7915} = {76B4F686-7A6E-4B42-9032-1060736B499B}
	EndGlobalSection
EndGlobal
